
Microsoft Visual Studio Solution File, Format Version 12.00
# Visual Studio Version 17
VisualStudioVersion = 17.0.32112.339
MinimumVisualStudioVersion = 10.0.40219.1
Project("{9A19103F-16F7-4668-BE54-9A1E7A4F7556}") = "ImageStitcher", "ImageStitcher\ImageStitcher.csproj", "{19E880C1-E60E-4992-8F17-CBCF5E480BE0}"
EndProject
Global
	GlobalSection(SolutionConfigurationPlatforms) = preSolution
		Debug|Any CPU = Debug|Any CPU
		Release|Any CPU = Release|Any CPU
	EndGlobalSection
	GlobalSection(ProjectConfigurationPlatforms) = postSolution
		{19E880C1-E60E-4992-8F17-CBCF5E480BE0}.Debug|Any CPU.ActiveCfg = Debug|Any CPU
		{19E880C1-E60E-4992-8F17-CBCF5E480BE0}.Debug|Any CPU.Build.0 = Debug|Any CPU
		{19E880C1-E60E-4992-8F17-CBCF5E480BE0}.Release|Any CPU.ActiveCfg = Release|Any CPU
		{19E880C1-E60E-4992-8F17-CBCF5E480BE0}.Release|Any CPU.Build.0 = Release|Any CPU
	EndGlobalSection
	GlobalSection(SolutionProperties) = preSolution
		HideSolutionNode = FALSE
	EndGlobalSection
	GlobalSection(ExtensibilityGlobals) = postSolution
		SolutionGuid = {B95ADB14-26DD-401E-B896-26A9E9BB7572}
	EndGlobalSection
EndGlobal
